
Microsoft Visual Studio Solution File, Format Version 12.00
# Visual Studio 14
VisualStudioVersion = 14.0.25420.1
MinimumVisualStudioVersion = 10.0.40219.1
Project("{FAE04EC0-301F-11D3-BF4B-00C04F79EFBC}") = "AdCover", "AdCover\AdCover.csproj", "{9B5F504D-B6AB-4A30-B963-0A09D74D5E29}"
EndProject
Global
	GlobalSection(SolutionConfigurationPlatforms) = preSolution
		Debug|Any CPU = Debug|Any CPU
		Release|Any CPU = Release|Any CPU
	EndGlobalSection
	GlobalSection(ProjectConfigurationPlatforms) = postSolution
		{9B5F504D-B6AB-4A30-B963-0A09D74D5E29}.Debug|Any CPU.ActiveCfg = Debug|Any CPU
		{9B5F504D-B6AB-4A30-B963-0A09D74D5E29}.Debug|Any CPU.Build.0 = Debug|Any CPU
		{9B5F504D-B6AB-4A30-B963-0A09D74D5E29}.Release|Any CPU.ActiveCfg = Release|Any CPU
		{9B5F504D-B6AB-4A30-B963-0A09D74D5E29}.Release|Any CPU.Build.0 = Release|Any CPU
	EndGlobalSection
	GlobalSection(SolutionProperties) = preSolution
		HideSolutionNode = FALSE
	EndGlobalSection
EndGlobal
